
Microsoft Visual Studio Solution File, Format Version 12.00
# Visual Studio Version 16
VisualStudioVersion = 16.0.30225.117
MinimumVisualStudioVersion = 10.0.40219.1
Project("{FAE04EC0-301F-11D3-BF4B-00C04F79EFBC}") = "EchoPeer", "EchoPeer.csproj", "{8DB4494B-047F-45FF-BE45-D0464725031F}"
EndProject
Global
	GlobalSection(SolutionConfigurationPlatforms) = preSolution
		Debug|Any CPU = Debug|Any CPU
		Release|Any CPU = Release|Any CPU
	EndGlobalSection
	GlobalSection(ProjectConfigurationPlatforms) = postSolution
		{8DB4494B-047F-45FF-BE45-D0464725031F}.Debug|Any CPU.ActiveCfg = Debug|Any CPU
		{8DB4494B-047F-45FF-BE45-D0464725031F}.Debug|Any CPU.Build.0 = Debug|Any CPU
		{8DB4494B-047F-45FF-BE45-D0464725031F}.Release|Any CPU.ActiveCfg = Release|Any CPU
		{8DB4494B-047F-45FF-BE45-D0464725031F}.Release|Any CPU.Build.0 = Release|Any CPU
	EndGlobalSection
	GlobalSection(SolutionProperties) = preSolution
		HideSolutionNode = FALSE
	EndGlobalSection
	GlobalSection(ExtensibilityGlobals) = postSolution
		SolutionGuid = {94C67E40-15CF-41B1-9AD3-0B6C9BC19141}
	EndGlobalSection
EndGlobal
