
Microsoft Visual Studio Solution File, Format Version 12.00
# Visual Studio Version 16
VisualStudioVersion = 16.0.30225.117
MinimumVisualStudioVersion = 10.0.40219.1
Project("{9A19103F-16F7-4668-BE54-9A1E7A4F7556}") = "GrpcEchoService", "GrpcEchoService.csproj", "{2AE8BB60-3E79-468B-A57D-B816C58E43DD}"
EndProject
Project("{9A19103F-16F7-4668-BE54-9A1E7A4F7556}") = "EchoPeer", "..\EchoPeer\EchoPeer.csproj", "{DACC5A14-BDD7-4430-A5C7-BC98CB6C975A}"
EndProject
Global
	GlobalSection(SolutionConfigurationPlatforms) = preSolution
		Debug|Any CPU = Debug|Any CPU
		Release|Any CPU = Release|Any CPU
	EndGlobalSection
	GlobalSection(ProjectConfigurationPlatforms) = postSolution
		{2AE8BB60-3E79-468B-A57D-B816C58E43DD}.Debug|Any CPU.ActiveCfg = Debug|Any CPU
		{2AE8BB60-3E79-468B-A57D-B816C58E43DD}.Debug|Any CPU.Build.0 = Debug|Any CPU
		{2AE8BB60-3E79-468B-A57D-B816C58E43DD}.Release|Any CPU.ActiveCfg = Release|Any CPU
		{2AE8BB60-3E79-468B-A57D-B816C58E43DD}.Release|Any CPU.Build.0 = Release|Any CPU
		{DACC5A14-BDD7-4430-A5C7-BC98CB6C975A}.Debug|Any CPU.ActiveCfg = Debug|Any CPU
		{DACC5A14-BDD7-4430-A5C7-BC98CB6C975A}.Debug|Any CPU.Build.0 = Debug|Any CPU
		{DACC5A14-BDD7-4430-A5C7-BC98CB6C975A}.Release|Any CPU.ActiveCfg = Release|Any CPU
		{DACC5A14-BDD7-4430-A5C7-BC98CB6C975A}.Release|Any CPU.Build.0 = Release|Any CPU
	EndGlobalSection
	GlobalSection(SolutionProperties) = preSolution
		HideSolutionNode = FALSE
	EndGlobalSection
	GlobalSection(ExtensibilityGlobals) = postSolution
		SolutionGuid = {5076E81B-32C2-46C7-BE14-D06C8D799ABC}
	EndGlobalSection
EndGlobal
